
Microsoft Visual Studio Solution File, Format Version 12.00
# Visual Studio Version 17
VisualStudioVersion = 17.6.33815.320
MinimumVisualStudioVersion = 10.0.40219.1
Project("{FAE04EC0-301F-11D3-BF4B-00C04F79EFBC}") = "SimpleGeometry", "SimpleGeometry.csproj", "{2424BFF3-2F07-4240-9169-CFC927E90D07}"
EndProject
Project("{FAE04EC0-301F-11D3-BF4B-00C04F79EFBC}") = "SimpleGeometry.Tests", "..\SimpleGeometry.Tests\SimpleGeometry.Tests.csproj", "{EF2FA9DE-60E9-4335-B0EA-7D89C9AF68A5}"
EndProject
Global
	GlobalSection(SolutionConfigurationPlatforms) = preSolution
		Debug|Any CPU = Debug|Any CPU
		Release|Any CPU = Release|Any CPU
	EndGlobalSection
	GlobalSection(ProjectConfigurationPlatforms) = postSolution
		{2424BFF3-2F07-4240-9169-CFC927E90D07}.Debug|Any CPU.ActiveCfg = Debug|Any CPU
		{2424BFF3-2F07-4240-9169-CFC927E90D07}.Debug|Any CPU.Build.0 = Debug|Any CPU
		{2424BFF3-2F07-4240-9169-CFC927E90D07}.Release|Any CPU.ActiveCfg = Release|Any CPU
		{2424BFF3-2F07-4240-9169-CFC927E90D07}.Release|Any CPU.Build.0 = Release|Any CPU
		{EF2FA9DE-60E9-4335-B0EA-7D89C9AF68A5}.Debug|Any CPU.ActiveCfg = Debug|Any CPU
		{EF2FA9DE-60E9-4335-B0EA-7D89C9AF68A5}.Debug|Any CPU.Build.0 = Debug|Any CPU
		{EF2FA9DE-60E9-4335-B0EA-7D89C9AF68A5}.Release|Any CPU.ActiveCfg = Release|Any CPU
		{EF2FA9DE-60E9-4335-B0EA-7D89C9AF68A5}.Release|Any CPU.Build.0 = Release|Any CPU
	EndGlobalSection
	GlobalSection(SolutionProperties) = preSolution
		HideSolutionNode = FALSE
	EndGlobalSection
	GlobalSection(ExtensibilityGlobals) = postSolution
		SolutionGuid = {83F2C5C6-0B8E-4FE4-8CEF-918D8965CB3E}
	EndGlobalSection
EndGlobal
